// !$*UTF8*$!
{
	archiveVersion = 1;
	classes = {
	};
	objectVersion = 50;
	objects = {

/* Begin PBXBuildFile section */
		BF7FC78E229AE9F100453A5B /* UnitsViewController.swift in Sources */ = {isa = PBXBuildFile; fileRef = BF7FC78D229AE9F100453A5B /* UnitsViewController.swift */; };
		BF7FC790229B0B8C00453A5B /* UnitsData.swift in Sources */ = {isa = PBXBuildFile; fileRef = BF7FC78F229B0B8C00453A5B /* UnitsData.swift */; };
		BF7FC796229B699200453A5B /* RsByTitleTableViewController.swift in Sources */ = {isa = PBXBuildFile; fileRef = BF7FC795229B699200453A5B /* RsByTitleTableViewController.swift */; };
		BF971BA4227C9A0700647B48 /* TimerViewController.swift in Sources */ = {isa = PBXBuildFile; fileRef = BF971BA3227C9A0700647B48 /* TimerViewController.swift */; };
		BFE302DF227E63AC005EBAAB /* textFieldLimit.swift in Sources */ = {isa = PBXBuildFile; fileRef = BFE302DE227E63AC005EBAAB /* textFieldLimit.swift */; };
		BFE302E1227ED10A005EBAAB /* GoogleService-Info.plist in Resources */ = {isa = PBXBuildFile; fileRef = BFE302E0227ED10A005EBAAB /* GoogleService-Info.plist */; };
		BFE302E3227EE208005EBAAB /* ShoppingListTableViewController.swift in Sources */ = {isa = PBXBuildFile; fileRef = BFE302E2227EE208005EBAAB /* ShoppingListTableViewController.swift */; };
		BFE302E5227EE4D9005EBAAB /* AddItemViewController.swift in Sources */ = {isa = PBXBuildFile; fileRef = BFE302E4227EE4D9005EBAAB /* AddItemViewController.swift */; };
		BFF01F3F227FD92B0080AAFF /* AddItemDelegate.swift in Sources */ = {isa = PBXBuildFile; fileRef = BFF01F3E227FD92B0080AAFF /* AddItemDelegate.swift */; };
		BFF01F42227FDB270080AAFF /* ShoppingItem.swift in Sources */ = {isa = PBXBuildFile; fileRef = BFF01F41227FDB270080AAFF /* ShoppingItem.swift */; };
		BFF01F46227FEE440080AAFF /* ShoppingList.xcdatamodeld in Sources */ = {isa = PBXBuildFile; fileRef = BFF01F44227FEE440080AAFF /* ShoppingList.xcdatamodeld */; };
		BFF01F4F227FEF590080AAFF /* DatabaseProtocol.swift in Sources */ = {isa = PBXBuildFile; fileRef = BFF01F4E227FEF590080AAFF /* DatabaseProtocol.swift */; };
		BFF01F51227FF1200080AAFF /* CoreDataController.swift in Sources */ = {isa = PBXBuildFile; fileRef = BFF01F50227FF1200080AAFF /* CoreDataController.swift */; };
		BFF01F53227FF1E60080AAFF /* MulticastDelegate.swift in Sources */ = {isa = PBXBuildFile; fileRef = BFF01F52227FF1E60080AAFF /* MulticastDelegate.swift */; };
		BFF01F56227FF47D0080AAFF /* Item+CoreDataClass.swift in Sources */ = {isa = PBXBuildFile; fileRef = BFF01F54227FF47D0080AAFF /* Item+CoreDataClass.swift */; };
		BFF01F57227FF47D0080AAFF /* Item+CoreDataProperties.swift in Sources */ = {isa = PBXBuildFile; fileRef = BFF01F55227FF47D0080AAFF /* Item+CoreDataProperties.swift */; };
		ED1BB1DF22781F7200FE2120 /* HomeTableViewController.swift in Sources */ = {isa = PBXBuildFile; fileRef = ED1BB1DE22781F7200FE2120 /* HomeTableViewController.swift */; };
		ED2DC32A229277FC0082BDBC /* Expiry+CoreDataClass.swift in Sources */ = {isa = PBXBuildFile; fileRef = ED2DC328229277FB0082BDBC /* Expiry+CoreDataClass.swift */; };
		ED2DC32B229277FC0082BDBC /* Expiry+CoreDataProperties.swift in Sources */ = {isa = PBXBuildFile; fileRef = ED2DC329229277FB0082BDBC /* Expiry+CoreDataProperties.swift */; };
		ED931D6422783540006C9758 /* MicrowaveViewController.swift in Sources */ = {isa = PBXBuildFile; fileRef = ED931D6322783540006C9758 /* MicrowaveViewController.swift */; };
		EDABE40F2276C06F005F0050 /* AppDelegate.swift in Sources */ = {isa = PBXBuildFile; fileRef = EDABE40E2276C06F005F0050 /* AppDelegate.swift */; };
		EDABE4112276C06F005F0050 /* ViewController.swift in Sources */ = {isa = PBXBuildFile; fileRef = EDABE4102276C06F005F0050 /* ViewController.swift */; };
		EDABE4142276C06F005F0050 /* Main.storyboard in Resources */ = {isa = PBXBuildFile; fileRef = EDABE4122276C06F005F0050 /* Main.storyboard */; };
		EDABE4162276C070005F0050 /* Assets.xcassets in Resources */ = {isa = PBXBuildFile; fileRef = EDABE4152276C070005F0050 /* Assets.xcassets */; };
		EDABE4192276C070005F0050 /* LaunchScreen.storyboard in Resources */ = {isa = PBXBuildFile; fileRef = EDABE4172276C070005F0050 /* LaunchScreen.storyboard */; };
		EDCD119F22929F5A00243D99 /* ExpiryTableViewCell.swift in Sources */ = {isa = PBXBuildFile; fileRef = EDCD119E22929F5A00243D99 /* ExpiryTableViewCell.swift */; };
		EDF4D2742280087400C58DD8 /* FirebaseController.swift in Sources */ = {isa = PBXBuildFile; fileRef = EDF4D2732280087400C58DD8 /* FirebaseController.swift */; };
		EDF4D2762280101300C58DD8 /* ExpiryTableViewController.swift in Sources */ = {isa = PBXBuildFile; fileRef = EDF4D2752280101300C58DD8 /* ExpiryTableViewController.swift */; };
		EDF4D2782280104D00C58DD8 /* AddExpiryViewController.swift in Sources */ = {isa = PBXBuildFile; fileRef = EDF4D2772280104D00C58DD8 /* AddExpiryViewController.swift */; };
/* End PBXBuildFile section */

/* Begin PBXFileReference section */
		BF7FC78D229AE9F100453A5B /* UnitsViewController.swift */ = {isa = PBXFileReference; lastKnownFileType = sourcecode.swift; path = UnitsViewController.swift; sourceTree = "<group>"; };
		BF7FC78F229B0B8C00453A5B /* UnitsData.swift */ = {isa = PBXFileReference; lastKnownFileType = sourcecode.swift; path = UnitsData.swift; sourceTree = "<group>"; };
		BF7FC795229B699200453A5B /* RsByTitleTableViewController.swift */ = {isa = PBXFileReference; lastKnownFileType = sourcecode.swift; path = RsByTitleTableViewController.swift; sourceTree = "<group>"; };
		BF971BA3227C9A0700647B48 /* TimerViewController.swift */ = {isa = PBXFileReference; lastKnownFileType = sourcecode.swift; path = TimerViewController.swift; sourceTree = "<group>"; };
		BFE302DE227E63AC005EBAAB /* textFieldLimit.swift */ = {isa = PBXFileReference; lastKnownFileType = sourcecode.swift; path = textFieldLimit.swift; sourceTree = "<group>"; };
		BFE302E0227ED10A005EBAAB /* GoogleService-Info.plist */ = {isa = PBXFileReference; fileEncoding = 4; lastKnownFileType = text.plist.xml; path = "GoogleService-Info.plist"; sourceTree = "<group>"; };
		BFE302E2227EE208005EBAAB /* ShoppingListTableViewController.swift */ = {isa = PBXFileReference; lastKnownFileType = sourcecode.swift; path = ShoppingListTableViewController.swift; sourceTree = "<group>"; };
		BFE302E4227EE4D9005EBAAB /* AddItemViewController.swift */ = {isa = PBXFileReference; lastKnownFileType = sourcecode.swift; path = AddItemViewController.swift; sourceTree = "<group>"; };
		BFF01F3E227FD92B0080AAFF /* AddItemDelegate.swift */ = {isa = PBXFileReference; lastKnownFileType = sourcecode.swift; path = AddItemDelegate.swift; sourceTree = "<group>"; };
		BFF01F41227FDB270080AAFF /* ShoppingItem.swift */ = {isa = PBXFileReference; lastKnownFileType = sourcecode.swift; path = ShoppingItem.swift; sourceTree = "<group>"; };
		BFF01F45227FEE440080AAFF /* ShoppingList.xcdatamodel */ = {isa = PBXFileReference; lastKnownFileType = wrapper.xcdatamodel; path = ShoppingList.xcdatamodel; sourceTree = "<group>"; };
		BFF01F4E227FEF590080AAFF /* DatabaseProtocol.swift */ = {isa = PBXFileReference; lastKnownFileType = sourcecode.swift; path = DatabaseProtocol.swift; sourceTree = "<group>"; };
		BFF01F50227FF1200080AAFF /* CoreDataController.swift */ = {isa = PBXFileReference; lastKnownFileType = sourcecode.swift; path = CoreDataController.swift; sourceTree = "<group>"; };
		BFF01F52227FF1E60080AAFF /* MulticastDelegate.swift */ = {isa = PBXFileReference; lastKnownFileType = sourcecode.swift; path = MulticastDelegate.swift; sourceTree = "<group>"; };
		BFF01F54227FF47D0080AAFF /* Item+CoreDataClass.swift */ = {isa = PBXFileReference; lastKnownFileType = sourcecode.swift; path = "Item+CoreDataClass.swift"; sourceTree = "<group>"; };
		BFF01F55227FF47D0080AAFF /* Item+CoreDataProperties.swift */ = {isa = PBXFileReference; lastKnownFileType = sourcecode.swift; path = "Item+CoreDataProperties.swift"; sourceTree = "<group>"; };
		ED1BB1DE22781F7200FE2120 /* HomeTableViewController.swift */ = {isa = PBXFileReference; lastKnownFileType = sourcecode.swift; path = HomeTableViewController.swift; sourceTree = "<group>"; };
		ED2DC328229277FB0082BDBC /* Expiry+CoreDataClass.swift */ = {isa = PBXFileReference; lastKnownFileType = sourcecode.swift; path = "Expiry+CoreDataClass.swift"; sourceTree = "<group>"; };
		ED2DC329229277FB0082BDBC /* Expiry+CoreDataProperties.swift */ = {isa = PBXFileReference; lastKnownFileType = sourcecode.swift; path = "Expiry+CoreDataProperties.swift"; sourceTree = "<group>"; };
		ED931D6322783540006C9758 /* MicrowaveViewController.swift */ = {isa = PBXFileReference; lastKnownFileType = sourcecode.swift; path = MicrowaveViewController.swift; sourceTree = "<group>"; };
		EDABE40B2276C06F005F0050 /* FIT3178-A3.app */ = {isa = PBXFileReference; explicitFileType = wrapper.application; includeInIndex = 0; path = "FIT3178-A3.app"; sourceTree = BUILT_PRODUCTS_DIR; };
		EDABE40E2276C06F005F0050 /* AppDelegate.swift */ = {isa = PBXFileReference; lastKnownFileType = sourcecode.swift; path = AppDelegate.swift; sourceTree = "<group>"; };
		EDABE4102276C06F005F0050 /* ViewController.swift */ = {isa = PBXFileReference; lastKnownFileType = sourcecode.swift; path = ViewController.swift; sourceTree = "<group>"; };
		EDABE4132276C06F005F0050 /* Base */ = {isa = PBXFileReference; lastKnownFileType = file.storyboard; name = Base; path = Base.lproj/Main.storyboard; sourceTree = "<group>"; };
		EDABE4152276C070005F0050 /* Assets.xcassets */ = {isa = PBXFileReference; lastKnownFileType = folder.assetcatalog; path = Assets.xcassets; sourceTree = "<group>"; };
		EDABE4182276C070005F0050 /* Base */ = {isa = PBXFileReference; lastKnownFileType = file.storyboard; name = Base; path = Base.lproj/LaunchScreen.storyboard; sourceTree = "<group>"; };
		EDABE41A2276C070005F0050 /* Info.plist */ = {isa = PBXFileReference; lastKnownFileType = text.plist.xml; path = Info.plist; sourceTree = "<group>"; };
		EDCD119E22929F5A00243D99 /* ExpiryTableViewCell.swift */ = {isa = PBXFileReference; lastKnownFileType = sourcecode.swift; path = ExpiryTableViewCell.swift; sourceTree = "<group>"; };
		EDF4D2732280087400C58DD8 /* FirebaseController.swift */ = {isa = PBXFileReference; lastKnownFileType = sourcecode.swift; path = FirebaseController.swift; sourceTree = "<group>"; };
		EDF4D2752280101300C58DD8 /* ExpiryTableViewController.swift */ = {isa = PBXFileReference; lastKnownFileType = sourcecode.swift; path = ExpiryTableViewController.swift; sourceTree = "<group>"; };
		EDF4D2772280104D00C58DD8 /* AddExpiryViewController.swift */ = {isa = PBXFileReference; lastKnownFileType = sourcecode.swift; path = AddExpiryViewController.swift; sourceTree = "<group>"; };
/* End PBXFileReference section */

/* Begin PBXFrameworksBuildPhase section */
		EDABE4082276C06F005F0050 /* Frameworks */ = {
			isa = PBXFrameworksBuildPhase;
			buildActionMask = 2147483647;
			files = (
			);
			runOnlyForDeploymentPostprocessing = 0;
		};
/* End PBXFrameworksBuildPhase section */

/* Begin PBXGroup section */
		BFF01F43227FED870080AAFF /* Data Model */ = {
			isa = PBXGroup;
			children = (
				BFF01F44227FEE440080AAFF /* ShoppingList.xcdatamodeld */,
				ED2DC328229277FB0082BDBC /* Expiry+CoreDataClass.swift */,
				ED2DC329229277FB0082BDBC /* Expiry+CoreDataProperties.swift */,
				BFF01F54227FF47D0080AAFF /* Item+CoreDataClass.swift */,
				BFF01F55227FF47D0080AAFF /* Item+CoreDataProperties.swift */,
			);
			path = "Data Model";
			sourceTree = "<group>";
		};
		BFF01F4B227FEF110080AAFF /* Database */ = {
			isa = PBXGroup;
			children = (
				BFF01F4E227FEF590080AAFF /* DatabaseProtocol.swift */,
				BFF01F50227FF1200080AAFF /* CoreDataController.swift */,
				BFF01F52227FF1E60080AAFF /* MulticastDelegate.swift */,
			);
			path = Database;
			sourceTree = "<group>";
		};
		EDABE4022276C06F005F0050 = {
			isa = PBXGroup;
			children = (
				EDABE40D2276C06F005F0050 /* FIT3178-A3 */,
				EDABE40C2276C06F005F0050 /* Products */,
			);
			sourceTree = "<group>";
		};
		EDABE40C2276C06F005F0050 /* Products */ = {
			isa = PBXGroup;
			children = (
				EDABE40B2276C06F005F0050 /* FIT3178-A3.app */,
			);
			name = Products;
			sourceTree = "<group>";
		};
		EDABE40D2276C06F005F0050 /* FIT3178-A3 */ = {
			isa = PBXGroup;
			children = (
				BFF01F4B227FEF110080AAFF /* Database */,
				BFF01F43227FED870080AAFF /* Data Model */,
				EDABE40E2276C06F005F0050 /* AppDelegate.swift */,
				EDABE4102276C06F005F0050 /* ViewController.swift */,
				EDABE4122276C06F005F0050 /* Main.storyboard */,
				EDABE4152276C070005F0050 /* Assets.xcassets */,
				EDABE4172276C070005F0050 /* LaunchScreen.storyboard */,
				EDABE41A2276C070005F0050 /* Info.plist */,
				ED1BB1DE22781F7200FE2120 /* HomeTableViewController.swift */,
				ED931D6322783540006C9758 /* MicrowaveViewController.swift */,
				BF971BA3227C9A0700647B48 /* TimerViewController.swift */,
				BFE302DE227E63AC005EBAAB /* textFieldLimit.swift */,
				BFE302E0227ED10A005EBAAB /* GoogleService-Info.plist */,
				BFE302E2227EE208005EBAAB /* ShoppingListTableViewController.swift */,
				BFE302E4227EE4D9005EBAAB /* AddItemViewController.swift */,
				BFF01F3E227FD92B0080AAFF /* AddItemDelegate.swift */,
				BFF01F41227FDB270080AAFF /* ShoppingItem.swift */,
				EDF4D2732280087400C58DD8 /* FirebaseController.swift */,
				EDF4D2752280101300C58DD8 /* ExpiryTableViewController.swift */,
				EDF4D2772280104D00C58DD8 /* AddExpiryViewController.swift */,
				EDCD119E22929F5A00243D99 /* ExpiryTableViewCell.swift */,
				BF7FC78D229AE9F100453A5B /* UnitsViewController.swift */,
				BF7FC78F229B0B8C00453A5B /* UnitsData.swift */,
				BF7FC795229B699200453A5B /* RsByTitleTableViewController.swift */,
			);
			path = "FIT3178-A3";
			sourceTree = "<group>";
		};
/* End PBXGroup section */

/* Begin PBXNativeTarget section */
		EDABE40A2276C06F005F0050 /* FIT3178-A3 */ = {
			isa = PBXNativeTarget;
			buildConfigurationList = EDABE41D2276C070005F0050 /* Build configuration list for PBXNativeTarget "FIT3178-A3" */;
			buildPhases = (
				EDABE4072276C06F005F0050 /* Sources */,
				EDABE4082276C06F005F0050 /* Frameworks */,
				EDABE4092276C06F005F0050 /* Resources */,
			);
			buildRules = (
			);
			dependencies = (
			);
			name = "FIT3178-A3";
			productName = "FIT3178-A3";
			productReference = EDABE40B2276C06F005F0050 /* FIT3178-A3.app */;
			productType = "com.apple.product-type.application";
		};
/* End PBXNativeTarget section */

/* Begin PBXProject section */
		EDABE4032276C06F005F0050 /* Project object */ = {
			isa = PBXProject;
			attributes = {
				LastSwiftUpdateCheck = 1010;
				LastUpgradeCheck = 1010;
				ORGANIZATIONNAME = "Yeamern Chuan";
				TargetAttributes = {
					EDABE40A2276C06F005F0050 = {
						CreatedOnToolsVersion = 10.1;
					};
				};
			};
			buildConfigurationList = EDABE4062276C06F005F0050 /* Build configuration list for PBXProject "FIT3178-A3" */;
			compatibilityVersion = "Xcode 9.3";
			developmentRegion = en;
			hasScannedForEncodings = 0;
			knownRegions = (
				en,
				Base,
			);
			mainGroup = EDABE4022276C06F005F0050;
			productRefGroup = EDABE40C2276C06F005F0050 /* Products */;
			projectDirPath = "";
			projectRoot = "";
			targets = (
				EDABE40A2276C06F005F0050 /* FIT3178-A3 */,
			);
		};
/* End PBXProject section */

/* Begin PBXResourcesBuildPhase section */
		EDABE4092276C06F005F0050 /* Resources */ = {
			isa = PBXResourcesBuildPhase;
			buildActionMask = 2147483647;
			files = (
				EDABE4192276C070005F0050 /* LaunchScreen.storyboard in Resources */,
				BFE302E1227ED10A005EBAAB /* GoogleService-Info.plist in Resources */,
				EDABE4162276C070005F0050 /* Assets.xcassets in Resources */,
				EDABE4142276C06F005F0050 /* Main.storyboard in Resources */,
			);
			runOnlyForDeploymentPostprocessing = 0;
		};
/* End PBXResourcesBuildPhase section */

/* Begin PBXSourcesBuildPhase section */
		EDABE4072276C06F005F0050 /* Sources */ = {
			isa = PBXSourcesBuildPhase;
			buildActionMask = 2147483647;
			files = (
				BFF01F56227FF47D0080AAFF /* Item+CoreDataClass.swift in Sources */,
				BFE302DF227E63AC005EBAAB /* textFieldLimit.swift in Sources */,
				EDF4D2762280101300C58DD8 /* ExpiryTableViewController.swift in Sources */,
				BFF01F57227FF47D0080AAFF /* Item+CoreDataProperties.swift in Sources */,
				ED1BB1DF22781F7200FE2120 /* HomeTableViewController.swift in Sources */,
				BFF01F51227FF1200080AAFF /* CoreDataController.swift in Sources */,
				EDCD119F22929F5A00243D99 /* ExpiryTableViewCell.swift in Sources */,
				ED2DC32A229277FC0082BDBC /* Expiry+CoreDataClass.swift in Sources */,
				BFF01F53227FF1E60080AAFF /* MulticastDelegate.swift in Sources */,
				BFE302E3227EE208005EBAAB /* ShoppingListTableViewController.swift in Sources */,
				EDABE4112276C06F005F0050 /* ViewController.swift in Sources */,
				EDF4D2742280087400C58DD8 /* FirebaseController.swift in Sources */,
				BFF01F4F227FEF590080AAFF /* DatabaseProtocol.swift in Sources */,
				BFE302E5227EE4D9005EBAAB /* AddItemViewController.swift in Sources */,
				BF7FC796229B699200453A5B /* RsByTitleTableViewController.swift in Sources */,
				EDABE40F2276C06F005F0050 /* AppDelegate.swift in Sources */,
				BF7FC790229B0B8C00453A5B /* UnitsData.swift in Sources */,
				BF7FC78E229AE9F100453A5B /* UnitsViewController.swift in Sources */,
				ED2DC32B229277FC0082BDBC /* Expiry+CoreDataProperties.swift in Sources */,
				BFF01F3F227FD92B0080AAFF /* AddItemDelegate.swift in Sources */,
				BF971BA4227C9A0700647B48 /* TimerViewController.swift in Sources */,
				BFF01F46227FEE440080AAFF /* ShoppingList.xcdatamodeld in Sources */,
				BFF01F42227FDB270080AAFF /* ShoppingItem.swift in Sources */,
				EDF4D2782280104D00C58DD8 /* AddExpiryViewController.swift in Sources */,
				ED931D6422783540006C9758 /* MicrowaveViewController.swift in Sources */,
			);
			runOnlyForDeploymentPostprocessing = 0;
		};
/* End PBXSourcesBuildPhase section */

/* Begin PBXVariantGroup section */
		EDABE4122276C06F005F0050 /* Main.storyboard */ = {
			isa = PBXVariantGroup;
			children = (
				EDABE4132276C06F005F0050 /* Base */,
			);
			name = Main.storyboard;
			sourceTree = "<group>";
		};
		EDABE4172276C070005F0050 /* LaunchScreen.storyboard */ = {
			isa = PBXVariantGroup;
			children = (
				EDABE4182276C070005F0050 /* Base */,
			);
			name = LaunchScreen.storyboard;
			sourceTree = "<group>";
		};
/* End PBXVariantGroup section */

/* Begin XCBuildConfiguration section */
		EDABE41B2276C070005F0050 /* Debug */ = {
			isa = XCBuildConfiguration;
			buildSettings = {
				ALWAYS_SEARCH_USER_PATHS = NO;
				CLANG_ANALYZER_NONNULL = YES;
				CLANG_ANALYZER_NUMBER_OBJECT_CONVERSION = YES_AGGRESSIVE;
				CLANG_CXX_LANGUAGE_STANDARD = "gnu++14";
				CLANG_CXX_LIBRARY = "libc++";
				CLANG_ENABLE_MODULES = YES;
				CLANG_ENABLE_OBJC_ARC = YES;
				CLANG_ENABLE_OBJC_WEAK = YES;
				CLANG_WARN_BLOCK_CAPTURE_AUTORELEASING = YES;
				CLANG_WARN_BOOL_CONVERSION = YES;
				CLANG_WARN_COMMA = YES;
				CLANG_WARN_CONSTANT_CONVERSION = YES;
				CLANG_WARN_DEPRECATED_OBJC_IMPLEMENTATIONS = YES;
				CLANG_WARN_DIRECT_OBJC_ISA_USAGE = YES_ERROR;
				CLANG_WARN_DOCUMENTATION_COMMENTS = YES;
				CLANG_WARN_EMPTY_BODY = YES;
				CLANG_WARN_ENUM_CONVERSION = YES;
				CLANG_WARN_INFINITE_RECURSION = YES;
				CLANG_WARN_INT_CONVERSION = YES;
				CLANG_WARN_NON_LITERAL_NULL_CONVERSION = YES;
				CLANG_WARN_OBJC_IMPLICIT_RETAIN_SELF = YES;
				CLANG_WARN_OBJC_LITERAL_CONVERSION = YES;
				CLANG_WARN_OBJC_ROOT_CLASS = YES_ERROR;
				CLANG_WARN_RANGE_LOOP_ANALYSIS = YES;
				CLANG_WARN_STRICT_PROTOTYPES = YES;
				CLANG_WARN_SUSPICIOUS_MOVE = YES;
				CLANG_WARN_UNGUARDED_AVAILABILITY = YES_AGGRESSIVE;
				CLANG_WARN_UNREACHABLE_CODE = YES;
				CLANG_WARN__DUPLICATE_METHOD_MATCH = YES;
				CODE_SIGN_IDENTITY = "iPhone Developer";
				COPY_PHASE_STRIP = NO;
				DEBUG_INFORMATION_FORMAT = dwarf;
				ENABLE_STRICT_OBJC_MSGSEND = YES;
				ENABLE_TESTABILITY = YES;
				GCC_C_LANGUAGE_STANDARD = gnu11;
				GCC_DYNAMIC_NO_PIC = NO;
				GCC_NO_COMMON_BLOCKS = YES;
				GCC_OPTIMIZATION_LEVEL = 0;
				GCC_PREPROCESSOR_DEFINITIONS = (
					"DEBUG=1",
					"$(inherited)",
				);
				GCC_WARN_64_TO_32_BIT_CONVERSION = YES;
				GCC_WARN_ABOUT_RETURN_TYPE = YES_ERROR;
				GCC_WARN_UNDECLARED_SELECTOR = YES;
				GCC_WARN_UNINITIALIZED_AUTOS = YES_AGGRESSIVE;
				GCC_WARN_UNUSED_FUNCTION = YES;
				GCC_WARN_UNUSED_VARIABLE = YES;
				IPHONEOS_DEPLOYMENT_TARGET = 12.1;
				MTL_ENABLE_DEBUG_INFO = INCLUDE_SOURCE;
				MTL_FAST_MATH = YES;
				ONLY_ACTIVE_ARCH = YES;
				SDKROOT = iphoneos;
				SWIFT_ACTIVE_COMPILATION_CONDITIONS = DEBUG;
				SWIFT_OPTIMIZATION_LEVEL = "-Onone";
			};
			name = Debug;
		};
		EDABE41C2276C070005F0050 /* Release */ = {
			isa = XCBuildConfiguration;
			buildSettings = {
				ALWAYS_SEARCH_USER_PATHS = NO;
				CLANG_ANALYZER_NONNULL = YES;
				CLANG_ANALYZER_NUMBER_OBJECT_CONVERSION = YES_AGGRESSIVE;
				CLANG_CXX_LANGUAGE_STANDARD = "gnu++14";
				CLANG_CXX_LIBRARY = "libc++";
				CLANG_ENABLE_MODULES = YES;
				CLANG_ENABLE_OBJC_ARC = YES;
				CLANG_ENABLE_OBJC_WEAK = YES;
				CLANG_WARN_BLOCK_CAPTURE_AUTORELEASING = YES;
				CLANG_WARN_BOOL_CONVERSION = YES;
				CLANG_WARN_COMMA = YES;
				CLANG_WARN_CONSTANT_CONVERSION = YES;
				CLANG_WARN_DEPRECATED_OBJC_IMPLEMENTATIONS = YES;
				CLANG_WARN_DIRECT_OBJC_ISA_USAGE = YES_ERROR;
				CLANG_WARN_DOCUMENTATION_COMMENTS = YES;
				CLANG_WARN_EMPTY_BODY = YES;
				CLANG_WARN_ENUM_CONVERSION = YES;
				CLANG_WARN_INFINITE_RECURSION = YES;
				CLANG_WARN_INT_CONVERSION = YES;
				CLANG_WARN_NON_LITERAL_NULL_CONVERSION = YES;
				CLANG_WARN_OBJC_IMPLICIT_RETAIN_SELF = YES;
				CLANG_WARN_OBJC_LITERAL_CONVERSION = YES;
				CLANG_WARN_OBJC_ROOT_CLASS = YES_ERROR;
				CLANG_WARN_RANGE_LOOP_ANALYSIS = YES;
				CLANG_WARN_STRICT_PROTOTYPES = YES;
				CLANG_WARN_SUSPICIOUS_MOVE = YES;
				CLANG_WARN_UNGUARDED_AVAILABILITY = YES_AGGRESSIVE;
				CLANG_WARN_UNREACHABLE_CODE = YES;
				CLANG_WARN__DUPLICATE_METHOD_MATCH = YES;
				CODE_SIGN_IDENTITY = "iPhone Developer";
				COPY_PHASE_STRIP = NO;
				DEBUG_INFORMATION_FORMAT = "dwarf-with-dsym";
				ENABLE_NS_ASSERTIONS = NO;
				ENABLE_STRICT_OBJC_MSGSEND = YES;
				GCC_C_LANGUAGE_STANDARD = gnu11;
				GCC_NO_COMMON_BLOCKS = YES;
				GCC_WARN_64_TO_32_BIT_CONVERSION = YES;
				GCC_WARN_ABOUT_RETURN_TYPE = YES_ERROR;
				GCC_WARN_UNDECLARED_SELECTOR = YES;
				GCC_WARN_UNINITIALIZED_AUTOS = YES_AGGRESSIVE;
				GCC_WARN_UNUSED_FUNCTION = YES;
				GCC_WARN_UNUSED_VARIABLE = YES;
				IPHONEOS_DEPLOYMENT_TARGET = 12.1;
				MTL_ENABLE_DEBUG_INFO = NO;
				MTL_FAST_MATH = YES;
				SDKROOT = iphoneos;
				SWIFT_COMPILATION_MODE = wholemodule;
				SWIFT_OPTIMIZATION_LEVEL = "-O";
				VALIDATE_PRODUCT = YES;
			};
			name = Release;
		};
		EDABE41E2276C070005F0050 /* Debug */ = {
			isa = XCBuildConfiguration;
			buildSettings = {
				ASSETCATALOG_COMPILER_APPICON_NAME = AppIcon;
				CODE_SIGN_STYLE = Automatic;
				DEVELOPMENT_TEAM = D5ZLRMDUT7;
				INFOPLIST_FILE = "FIT3178-A3/Info.plist";
				LD_RUNPATH_SEARCH_PATHS = (
					"$(inherited)",
					"@executable_path/Frameworks",
				);
				PRODUCT_BUNDLE_IDENTIFIER = "yeamern.FIT3178-A3";
				PRODUCT_NAME = "$(TARGET_NAME)";
				SWIFT_VERSION = 4.2;
				TARGETED_DEVICE_FAMILY = "1,2";
			};
			name = Debug;
		};
		EDABE41F2276C070005F0050 /* Release */ = {
			isa = XCBuildConfiguration;
			buildSettings = {
				ASSETCATALOG_COMPILER_APPICON_NAME = AppIcon;
				CODE_SIGN_STYLE = Automatic;
				DEVELOPMENT_TEAM = D5ZLRMDUT7;
				INFOPLIST_FILE = "FIT3178-A3/Info.plist";
				LD_RUNPATH_SEARCH_PATHS = (
					"$(inherited)",
					"@executable_path/Frameworks",
				);
				PRODUCT_BUNDLE_IDENTIFIER = "yeamern.FIT3178-A3";
				PRODUCT_NAME = "$(TARGET_NAME)";
				SWIFT_VERSION = 4.2;
				TARGETED_DEVICE_FAMILY = "1,2";
			};
			name = Release;
		};
/* End XCBuildConfiguration section */

/* Begin XCConfigurationList section */
		EDABE4062276C06F005F0050 /* Build configuration list for PBXProject "FIT3178-A3" */ = {
			isa = XCConfigurationList;
			buildConfigurations = (
				EDABE41B2276C070005F0050 /* Debug */,
				EDABE41C2276C070005F0050 /* Release */,
			);
			defaultConfigurationIsVisible = 0;
			defaultConfigurationName = Release;
		};
		EDABE41D2276C070005F0050 /* Build configuration list for PBXNativeTarget "FIT3178-A3" */ = {
			isa = XCConfigurationList;
			buildConfigurations = (
				EDABE41E2276C070005F0050 /* Debug */,
				EDABE41F2276C070005F0050 /* Release */,
			);
			defaultConfigurationIsVisible = 0;
			defaultConfigurationName = Release;
		};
/* End XCConfigurationList section */

/* Begin XCVersionGroup section */
		BFF01F44227FEE440080AAFF /* ShoppingList.xcdatamodeld */ = {
			isa = XCVersionGroup;
			children = (
				BFF01F45227FEE440080AAFF /* ShoppingList.xcdatamodel */,
			);
			currentVersion = BFF01F45227FEE440080AAFF /* ShoppingList.xcdatamodel */;
			path = ShoppingList.xcdatamodeld;
			sourceTree = "<group>";
			versionGroupType = wrapper.xcdatamodel;
		};
/* End XCVersionGroup section */
	};
	rootObject = EDABE4032276C06F005F0050 /* Project object */;
}
