// !$*UTF8*$!
{
	archiveVersion = 1;
	classes = {
	};
	objectVersion = 50;
	objects = {

/* Begin PBXBuildFile section */
		ED1BB1DF22781F7200FE2120 /* HomeTableViewController.swift in Sources */ = {isa = PBXBuildFile; fileRef = ED1BB1DE22781F7200FE2120 /* HomeTableViewController.swift */; };
		ED931D6422783540006C9758 /* MicrowaveViewController.swift in Sources */ = {isa = PBXBuildFile; fileRef = ED931D6322783540006C9758 /* MicrowaveViewController.swift */; };
		EDABE40F2276C06F005F0050 /* AppDelegate.swift in Sources */ = {isa = PBXBuildFile; fileRef = EDABE40E2276C06F005F0050 /* AppDelegate.swift */; };
		EDABE4112276C06F005F0050 /* ViewController.swift in Sources */ = {isa = PBXBuildFile; fileRef = EDABE4102276C06F005F0050 /* ViewController.swift */; };
		EDABE4142276C06F005F0050 /* Main.storyboard in Resources */ = {isa = PBXBuildFile; fileRef = EDABE4122276C06F005F0050 /* Main.storyboard */; };
		EDABE4162276C070005F0050 /* Assets.xcassets in Resources */ = {isa = PBXBuildFile; fileRef = EDABE4152276C070005F0050 /* Assets.xcassets */; };
		EDABE4192276C070005F0050 /* LaunchScreen.storyboard in Resources */ = {isa = PBXBuildFile; fileRef = EDABE4172276C070005F0050 /* LaunchScreen.storyboard */; };
		EDABE4212276CD9F005F0050 /* Bmi.swift in Sources */ = {isa = PBXBuildFile; fileRef = EDABE4202276CD9F005F0050 /* Bmi.swift */; };
/* End PBXBuildFile section */

/* Begin PBXFileReference section */
		ED1BB1DE22781F7200FE2120 /* HomeTableViewController.swift */ = {isa = PBXFileReference; lastKnownFileType = sourcecode.swift; path = HomeTableViewController.swift; sourceTree = "<group>"; };
		ED931D6322783540006C9758 /* MicrowaveViewController.swift */ = {isa = PBXFileReference; lastKnownFileType = sourcecode.swift; path = MicrowaveViewController.swift; sourceTree = "<group>"; };
		EDABE40B2276C06F005F0050 /* FIT3178-A3.app */ = {isa = PBXFileReference; explicitFileType = wrapper.application; includeInIndex = 0; path = "FIT3178-A3.app"; sourceTree = BUILT_PRODUCTS_DIR; };
		EDABE40E2276C06F005F0050 /* AppDelegate.swift */ = {isa = PBXFileReference; lastKnownFileType = sourcecode.swift; path = AppDelegate.swift; sourceTree = "<group>"; };
		EDABE4102276C06F005F0050 /* ViewController.swift */ = {isa = PBXFileReference; lastKnownFileType = sourcecode.swift; path = ViewController.swift; sourceTree = "<group>"; };
		EDABE4132276C06F005F0050 /* Base */ = {isa = PBXFileReference; lastKnownFileType = file.storyboard; name = Base; path = Base.lproj/Main.storyboard; sourceTree = "<group>"; };
		EDABE4152276C070005F0050 /* Assets.xcassets */ = {isa = PBXFileReference; lastKnownFileType = folder.assetcatalog; path = Assets.xcassets; sourceTree = "<group>"; };
		EDABE4182276C070005F0050 /* Base */ = {isa = PBXFileReference; lastKnownFileType = file.storyboard; name = Base; path = Base.lproj/LaunchScreen.storyboard; sourceTree = "<group>"; };
		EDABE41A2276C070005F0050 /* Info.plist */ = {isa = PBXFileReference; lastKnownFileType = text.plist.xml; path = Info.plist; sourceTree = "<group>"; };
		EDABE4202276CD9F005F0050 /* Bmi.swift */ = {isa = PBXFileReference; lastKnownFileType = sourcecode.swift; path = Bmi.swift; sourceTree = "<group>"; };
/* End PBXFileReference section */

/* Begin PBXFrameworksBuildPhase section */
		EDABE4082276C06F005F0050 /* Frameworks */ = {
			isa = PBXFrameworksBuildPhase;
			buildActionMask = 2147483647;
			files = (
			);
			runOnlyForDeploymentPostprocessing = 0;
		};
/* End PBXFrameworksBuildPhase section */

/* Begin PBXGroup section */
		EDABE4022276C06F005F0050 = {
			isa = PBXGroup;
			children = (
				EDABE40D2276C06F005F0050 /* FIT3178-A3 */,
				EDABE40C2276C06F005F0050 /* Products */,
			);
			sourceTree = "<group>";
		};
		EDABE40C2276C06F005F0050 /* Products */ = {
			isa = PBXGroup;
			children = (
				EDABE40B2276C06F005F0050 /* FIT3178-A3.app */,
			);
			name = Products;
			sourceTree = "<group>";
		};
		EDABE40D2276C06F005F0050 /* FIT3178-A3 */ = {
			isa = PBXGroup;
			children = (
				EDABE40E2276C06F005F0050 /* AppDelegate.swift */,
				EDABE4102276C06F005F0050 /* ViewController.swift */,
				EDABE4122276C06F005F0050 /* Main.storyboard */,
				EDABE4152276C070005F0050 /* Assets.xcassets */,
				EDABE4172276C070005F0050 /* LaunchScreen.storyboard */,
				EDABE41A2276C070005F0050 /* Info.plist */,
				EDABE4202276CD9F005F0050 /* Bmi.swift */,
				ED1BB1DE22781F7200FE2120 /* HomeTableViewController.swift */,
				ED931D6322783540006C9758 /* MicrowaveViewController.swift */,
			);
			path = "FIT3178-A3";
			sourceTree = "<group>";
		};
/* End PBXGroup section */

/* Begin PBXNativeTarget section */
		EDABE40A2276C06F005F0050 /* FIT3178-A3 */ = {
			isa = PBXNativeTarget;
			buildConfigurationList = EDABE41D2276C070005F0050 /* Build configuration list for PBXNativeTarget "FIT3178-A3" */;
			buildPhases = (
				EDABE4072276C06F005F0050 /* Sources */,
				EDABE4082276C06F005F0050 /* Frameworks */,
				EDABE4092276C06F005F0050 /* Resources */,
			);
			buildRules = (
			);
			dependencies = (
			);
			name = "FIT3178-A3";
			productName = "FIT3178-A3";
			productReference = EDABE40B2276C06F005F0050 /* FIT3178-A3.app */;
			productType = "com.apple.product-type.application";
		};
/* End PBXNativeTarget section */

/* Begin PBXProject section */
		EDABE4032276C06F005F0050 /* Project object */ = {
			isa = PBXProject;
			attributes = {
				LastSwiftUpdateCheck = 1010;
				LastUpgradeCheck = 1010;
				ORGANIZATIONNAME = "Yeamern Chuan";
				TargetAttributes = {
					EDABE40A2276C06F005F0050 = {
						CreatedOnToolsVersion = 10.1;
					};
				};
			};
			buildConfigurationList = EDABE4062276C06F005F0050 /* Build configuration list for PBXProject "FIT3178-A3" */;
			compatibilityVersion = "Xcode 9.3";
			developmentRegion = en;
			hasScannedForEncodings = 0;
			knownRegions = (
				en,
				Base,
			);
			mainGroup = EDABE4022276C06F005F0050;
			productRefGroup = EDABE40C2276C06F005F0050 /* Products */;
			projectDirPath = "";
			projectRoot = "";
			targets = (
				EDABE40A2276C06F005F0050 /* FIT3178-A3 */,
			);
		};
/* End PBXProject section */

/* Begin PBXResourcesBuildPhase section */
		EDABE4092276C06F005F0050 /* Resources */ = {
			isa = PBXResourcesBuildPhase;
			buildActionMask = 2147483647;
			files = (
				EDABE4192276C070005F0050 /* LaunchScreen.storyboard in Resources */,
				EDABE4162276C070005F0050 /* Assets.xcassets in Resources */,
				EDABE4142276C06F005F0050 /* Main.storyboard in Resources */,
			);
			runOnlyForDeploymentPostprocessing = 0;
		};
/* End PBXResourcesBuildPhase section */

/* Begin PBXSourcesBuildPhase section */
		EDABE4072276C06F005F0050 /* Sources */ = {
			isa = PBXSourcesBuildPhase;
			buildActionMask = 2147483647;
			files = (
				ED1BB1DF22781F7200FE2120 /* HomeTableViewController.swift in Sources */,
				EDABE4212276CD9F005F0050 /* Bmi.swift in Sources */,
				EDABE4112276C06F005F0050 /* ViewController.swift in Sources */,
				EDABE40F2276C06F005F0050 /* AppDelegate.swift in Sources */,
				ED931D6422783540006C9758 /* MicrowaveViewController.swift in Sources */,
			);
			runOnlyForDeploymentPostprocessing = 0;
		};
/* End PBXSourcesBuildPhase section */

/* Begin PBXVariantGroup section */
		EDABE4122276C06F005F0050 /* Main.storyboard */ = {
			isa = PBXVariantGroup;
			children = (
				EDABE4132276C06F005F0050 /* Base */,
			);
			name = Main.storyboard;
			sourceTree = "<group>";
		};
		EDABE4172276C070005F0050 /* LaunchScreen.storyboard */ = {
			isa = PBXVariantGroup;
			children = (
				EDABE4182276C070005F0050 /* Base */,
			);
			name = LaunchScreen.storyboard;
			sourceTree = "<group>";
		};
/* End PBXVariantGroup section */

/* Begin XCBuildConfiguration section */
		EDABE41B2276C070005F0050 /* Debug */ = {
			isa = XCBuildConfiguration;
			buildSettings = {
				ALWAYS_SEARCH_USER_PATHS = NO;
				CLANG_ANALYZER_NONNULL = YES;
				CLANG_ANALYZER_NUMBER_OBJECT_CONVERSION = YES_AGGRESSIVE;
				CLANG_CXX_LANGUAGE_STANDARD = "gnu++14";
				CLANG_CXX_LIBRARY = "libc++";
				CLANG_ENABLE_MODULES = YES;
				CLANG_ENABLE_OBJC_ARC = YES;
				CLANG_ENABLE_OBJC_WEAK = YES;
				CLANG_WARN_BLOCK_CAPTURE_AUTORELEASING = YES;
				CLANG_WARN_BOOL_CONVERSION = YES;
				CLANG_WARN_COMMA = YES;
				CLANG_WARN_CONSTANT_CONVERSION = YES;
				CLANG_WARN_DEPRECATED_OBJC_IMPLEMENTATIONS = YES;
				CLANG_WARN_DIRECT_OBJC_ISA_USAGE = YES_ERROR;
				CLANG_WARN_DOCUMENTATION_COMMENTS = YES;
				CLANG_WARN_EMPTY_BODY = YES;
				CLANG_WARN_ENUM_CONVERSION = YES;
				CLANG_WARN_INFINITE_RECURSION = YES;
				CLANG_WARN_INT_CONVERSION = YES;
				CLANG_WARN_NON_LITERAL_NULL_CONVERSION = YES;
				CLANG_WARN_OBJC_IMPLICIT_RETAIN_SELF = YES;
				CLANG_WARN_OBJC_LITERAL_CONVERSION = YES;
				CLANG_WARN_OBJC_ROOT_CLASS = YES_ERROR;
				CLANG_WARN_RANGE_LOOP_ANALYSIS = YES;
				CLANG_WARN_STRICT_PROTOTYPES = YES;
				CLANG_WARN_SUSPICIOUS_MOVE = YES;
				CLANG_WARN_UNGUARDED_AVAILABILITY = YES_AGGRESSIVE;
				CLANG_WARN_UNREACHABLE_CODE = YES;
				CLANG_WARN__DUPLICATE_METHOD_MATCH = YES;
				CODE_SIGN_IDENTITY = "iPhone Developer";
				COPY_PHASE_STRIP = NO;
				DEBUG_INFORMATION_FORMAT = dwarf;
				ENABLE_STRICT_OBJC_MSGSEND = YES;
				ENABLE_TESTABILITY = YES;
				GCC_C_LANGUAGE_STANDARD = gnu11;
				GCC_DYNAMIC_NO_PIC = NO;
				GCC_NO_COMMON_BLOCKS = YES;
				GCC_OPTIMIZATION_LEVEL = 0;
				GCC_PREPROCESSOR_DEFINITIONS = (
					"DEBUG=1",
					"$(inherited)",
				);
				GCC_WARN_64_TO_32_BIT_CONVERSION = YES;
				GCC_WARN_ABOUT_RETURN_TYPE = YES_ERROR;
				GCC_WARN_UNDECLARED_SELECTOR = YES;
				GCC_WARN_UNINITIALIZED_AUTOS = YES_AGGRESSIVE;
				GCC_WARN_UNUSED_FUNCTION = YES;
				GCC_WARN_UNUSED_VARIABLE = YES;
				IPHONEOS_DEPLOYMENT_TARGET = 12.1;
				MTL_ENABLE_DEBUG_INFO = INCLUDE_SOURCE;
				MTL_FAST_MATH = YES;
				ONLY_ACTIVE_ARCH = YES;
				SDKROOT = iphoneos;
				SWIFT_ACTIVE_COMPILATION_CONDITIONS = DEBUG;
				SWIFT_OPTIMIZATION_LEVEL = "-Onone";
			};
			name = Debug;
		};
		EDABE41C2276C070005F0050 /* Release */ = {
			isa = XCBuildConfiguration;
			buildSettings = {
				ALWAYS_SEARCH_USER_PATHS = NO;
				CLANG_ANALYZER_NONNULL = YES;
				CLANG_ANALYZER_NUMBER_OBJECT_CONVERSION = YES_AGGRESSIVE;
				CLANG_CXX_LANGUAGE_STANDARD = "gnu++14";
				CLANG_CXX_LIBRARY = "libc++";
				CLANG_ENABLE_MODULES = YES;
				CLANG_ENABLE_OBJC_ARC = YES;
				CLANG_ENABLE_OBJC_WEAK = YES;
				CLANG_WARN_BLOCK_CAPTURE_AUTORELEASING = YES;
				CLANG_WARN_BOOL_CONVERSION = YES;
				CLANG_WARN_COMMA = YES;
				CLANG_WARN_CONSTANT_CONVERSION = YES;
				CLANG_WARN_DEPRECATED_OBJC_IMPLEMENTATIONS = YES;
				CLANG_WARN_DIRECT_OBJC_ISA_USAGE = YES_ERROR;
				CLANG_WARN_DOCUMENTATION_COMMENTS = YES;
				CLANG_WARN_EMPTY_BODY = YES;
				CLANG_WARN_ENUM_CONVERSION = YES;
				CLANG_WARN_INFINITE_RECURSION = YES;
				CLANG_WARN_INT_CONVERSION = YES;
				CLANG_WARN_NON_LITERAL_NULL_CONVERSION = YES;
				CLANG_WARN_OBJC_IMPLICIT_RETAIN_SELF = YES;
				CLANG_WARN_OBJC_LITERAL_CONVERSION = YES;
				CLANG_WARN_OBJC_ROOT_CLASS = YES_ERROR;
				CLANG_WARN_RANGE_LOOP_ANALYSIS = YES;
				CLANG_WARN_STRICT_PROTOTYPES = YES;
				CLANG_WARN_SUSPICIOUS_MOVE = YES;
				CLANG_WARN_UNGUARDED_AVAILABILITY = YES_AGGRESSIVE;
				CLANG_WARN_UNREACHABLE_CODE = YES;
				CLANG_WARN__DUPLICATE_METHOD_MATCH = YES;
				CODE_SIGN_IDENTITY = "iPhone Developer";
				COPY_PHASE_STRIP = NO;
				DEBUG_INFORMATION_FORMAT = "dwarf-with-dsym";
				ENABLE_NS_ASSERTIONS = NO;
				ENABLE_STRICT_OBJC_MSGSEND = YES;
				GCC_C_LANGUAGE_STANDARD = gnu11;
				GCC_NO_COMMON_BLOCKS = YES;
				GCC_WARN_64_TO_32_BIT_CONVERSION = YES;
				GCC_WARN_ABOUT_RETURN_TYPE = YES_ERROR;
				GCC_WARN_UNDECLARED_SELECTOR = YES;
				GCC_WARN_UNINITIALIZED_AUTOS = YES_AGGRESSIVE;
				GCC_WARN_UNUSED_FUNCTION = YES;
				GCC_WARN_UNUSED_VARIABLE = YES;
				IPHONEOS_DEPLOYMENT_TARGET = 12.1;
				MTL_ENABLE_DEBUG_INFO = NO;
				MTL_FAST_MATH = YES;
				SDKROOT = iphoneos;
				SWIFT_COMPILATION_MODE = wholemodule;
				SWIFT_OPTIMIZATION_LEVEL = "-O";
				VALIDATE_PRODUCT = YES;
			};
			name = Release;
		};
		EDABE41E2276C070005F0050 /* Debug */ = {
			isa = XCBuildConfiguration;
			buildSettings = {
				ASSETCATALOG_COMPILER_APPICON_NAME = AppIcon;
				CODE_SIGN_STYLE = Automatic;
				INFOPLIST_FILE = "FIT3178-A3/Info.plist";
				LD_RUNPATH_SEARCH_PATHS = (
					"$(inherited)",
					"@executable_path/Frameworks",
				);
				PRODUCT_BUNDLE_IDENTIFIER = "yeamern.FIT3178-A3";
				PRODUCT_NAME = "$(TARGET_NAME)";
				SWIFT_VERSION = 4.2;
				TARGETED_DEVICE_FAMILY = "1,2";
			};
			name = Debug;
		};
		EDABE41F2276C070005F0050 /* Release */ = {
			isa = XCBuildConfiguration;
			buildSettings = {
				ASSETCATALOG_COMPILER_APPICON_NAME = AppIcon;
				CODE_SIGN_STYLE = Automatic;
				INFOPLIST_FILE = "FIT3178-A3/Info.plist";
				LD_RUNPATH_SEARCH_PATHS = (
					"$(inherited)",
					"@executable_path/Frameworks",
				);
				PRODUCT_BUNDLE_IDENTIFIER = "yeamern.FIT3178-A3";
				PRODUCT_NAME = "$(TARGET_NAME)";
				SWIFT_VERSION = 4.2;
				TARGETED_DEVICE_FAMILY = "1,2";
			};
			name = Release;
		};
/* End XCBuildConfiguration section */

/* Begin XCConfigurationList section */
		EDABE4062276C06F005F0050 /* Build configuration list for PBXProject "FIT3178-A3" */ = {
			isa = XCConfigurationList;
			buildConfigurations = (
				EDABE41B2276C070005F0050 /* Debug */,
				EDABE41C2276C070005F0050 /* Release */,
			);
			defaultConfigurationIsVisible = 0;
			defaultConfigurationName = Release;
		};
		EDABE41D2276C070005F0050 /* Build configuration list for PBXNativeTarget "FIT3178-A3" */ = {
			isa = XCConfigurationList;
			buildConfigurations = (
				EDABE41E2276C070005F0050 /* Debug */,
				EDABE41F2276C070005F0050 /* Release */,
			);
			defaultConfigurationIsVisible = 0;
			defaultConfigurationName = Release;
		};
/* End XCConfigurationList section */
	};
	rootObject = EDABE4032276C06F005F0050 /* Project object */;
}
